
Microsoft Visual Studio Solution File, Format Version 12.00
# Visual Studio Version 16
VisualStudioVersion = 16.0.30517.126
MinimumVisualStudioVersion = 10.0.40219.1
Project("{2150E333-8FDC-42A3-9474-1A3956D46DE8}") = "src", "src", "{CA24D6E5-BB6E-4096-8356-B3B2C947A1EF}"
EndProject
Project("{9A19103F-16F7-4668-BE54-9A1E7A4F7556}") = "SiUpin.WebUI", "src\SiUpin.WebUI\SiUpin.WebUI.csproj", "{B5358ACC-912A-4F9A-BC83-36E2257A6FED}"
EndProject
Project("{9A19103F-16F7-4668-BE54-9A1E7A4F7556}") = "SiUpin.WebAPI", "src\SiUpin.WebAPI\SiUpin.WebAPI.csproj", "{BFA516C5-D0B9-4C92-90DE-68A4C29F233D}"
EndProject
Project("{9A19103F-16F7-4668-BE54-9A1E7A4F7556}") = "SiUpin.Domain", "src\SiUpin.Domain\SiUpin.Domain.csproj", "{2F4EEFFC-5DB4-45FC-AA37-2C02A7E2435D}"
EndProject
Project("{9A19103F-16F7-4668-BE54-9A1E7A4F7556}") = "SiUpin.Infrastructure", "src\SiUpin.Infrastructure\SiUpin.Infrastructure.csproj", "{1ECAF0BA-0DB9-4F69-9798-A915BF6B28E5}"
EndProject
Project("{9A19103F-16F7-4668-BE54-9A1E7A4F7556}") = "SiUpin.Shared", "src\SiUpin.Shared\SiUpin.Shared.csproj", "{F5A0BCBD-E95B-46AB-9B62-098189058875}"
EndProject
Project("{9A19103F-16F7-4668-BE54-9A1E7A4F7556}") = "SiUpin.Application", "src\SiUpin.Application\SiUpin.Application.csproj", "{55D701ED-8285-4216-B7A2-970738B6782C}"
EndProject
Project("{9A19103F-16F7-4668-BE54-9A1E7A4F7556}") = "SiUpin", "src\SiUpin\SiUpin.csproj", "{4DBB851D-6E99-4A6A-BB67-76E0E0F53B8B}"
EndProject
Project("{FAE04EC0-301F-11D3-BF4B-00C04F79EFBC}") = "SiUpin.Android", "src\SiUpin.Android\SiUpin.Android.csproj", "{CCE02348-D960-488F-956E-669097D33BE1}"
EndProject
Project("{2150E333-8FDC-42A3-9474-1A3956D46DE8}") = "Web.Application", "Web.Application", "{7F1198C4-CC7D-4DB3-876E-FF6193762CA3}"
EndProject
Project("{2150E333-8FDC-42A3-9474-1A3956D46DE8}") = "Mobile.Application", "Mobile.Application", "{3BBA2892-0BAC-4F28-B11F-E2745DD15D67}"
EndProject
Project("{2150E333-8FDC-42A3-9474-1A3956D46DE8}") = "Shared", "Shared", "{93AC4B5E-1EF3-42AB-BC69-3CB8DB150C4C}"
EndProject
Project("{FAE04EC0-301F-11D3-BF4B-00C04F79EFBC}") = "SiUpin.iOS", "src\SiUpin.iOS\SiUpin.iOS.csproj", "{F1731988-889D-4FE3-BC6E-08C2B1C8E9BC}"
EndProject
Global
	GlobalSection(SolutionConfigurationPlatforms) = preSolution
		Debug|Any CPU = Debug|Any CPU
		Debug|iPhone = Debug|iPhone
		Debug|iPhoneSimulator = Debug|iPhoneSimulator
		Release|Any CPU = Release|Any CPU
		Release|iPhone = Release|iPhone
		Release|iPhoneSimulator = Release|iPhoneSimulator
	EndGlobalSection
	GlobalSection(ProjectConfigurationPlatforms) = postSolution
		{B5358ACC-912A-4F9A-BC83-36E2257A6FED}.Debug|Any CPU.ActiveCfg = Debug|Any CPU
		{B5358ACC-912A-4F9A-BC83-36E2257A6FED}.Debug|Any CPU.Build.0 = Debug|Any CPU
		{B5358ACC-912A-4F9A-BC83-36E2257A6FED}.Debug|iPhone.ActiveCfg = Debug|Any CPU
		{B5358ACC-912A-4F9A-BC83-36E2257A6FED}.Debug|iPhone.Build.0 = Debug|Any CPU
		{B5358ACC-912A-4F9A-BC83-36E2257A6FED}.Debug|iPhoneSimulator.ActiveCfg = Debug|Any CPU
		{B5358ACC-912A-4F9A-BC83-36E2257A6FED}.Debug|iPhoneSimulator.Build.0 = Debug|Any CPU
		{B5358ACC-912A-4F9A-BC83-36E2257A6FED}.Release|Any CPU.ActiveCfg = Release|Any CPU
		{B5358ACC-912A-4F9A-BC83-36E2257A6FED}.Release|Any CPU.Build.0 = Release|Any CPU
		{B5358ACC-912A-4F9A-BC83-36E2257A6FED}.Release|iPhone.ActiveCfg = Release|Any CPU
		{B5358ACC-912A-4F9A-BC83-36E2257A6FED}.Release|iPhone.Build.0 = Release|Any CPU
		{B5358ACC-912A-4F9A-BC83-36E2257A6FED}.Release|iPhoneSimulator.ActiveCfg = Release|Any CPU
		{B5358ACC-912A-4F9A-BC83-36E2257A6FED}.Release|iPhoneSimulator.Build.0 = Release|Any CPU
		{BFA516C5-D0B9-4C92-90DE-68A4C29F233D}.Debug|Any CPU.ActiveCfg = Debug|Any CPU
		{BFA516C5-D0B9-4C92-90DE-68A4C29F233D}.Debug|Any CPU.Build.0 = Debug|Any CPU
		{BFA516C5-D0B9-4C92-90DE-68A4C29F233D}.Debug|iPhone.ActiveCfg = Debug|Any CPU
		{BFA516C5-D0B9-4C92-90DE-68A4C29F233D}.Debug|iPhone.Build.0 = Debug|Any CPU
		{BFA516C5-D0B9-4C92-90DE-68A4C29F233D}.Debug|iPhoneSimulator.ActiveCfg = Debug|Any CPU
		{BFA516C5-D0B9-4C92-90DE-68A4C29F233D}.Debug|iPhoneSimulator.Build.0 = Debug|Any CPU
		{BFA516C5-D0B9-4C92-90DE-68A4C29F233D}.Release|Any CPU.ActiveCfg = Release|Any CPU
		{BFA516C5-D0B9-4C92-90DE-68A4C29F233D}.Release|Any CPU.Build.0 = Release|Any CPU
		{BFA516C5-D0B9-4C92-90DE-68A4C29F233D}.Release|iPhone.ActiveCfg = Release|Any CPU
		{BFA516C5-D0B9-4C92-90DE-68A4C29F233D}.Release|iPhone.Build.0 = Release|Any CPU
		{BFA516C5-D0B9-4C92-90DE-68A4C29F233D}.Release|iPhoneSimulator.ActiveCfg = Release|Any CPU
		{BFA516C5-D0B9-4C92-90DE-68A4C29F233D}.Release|iPhoneSimulator.Build.0 = Release|Any CPU
		{2F4EEFFC-5DB4-45FC-AA37-2C02A7E2435D}.Debug|Any CPU.ActiveCfg = Debug|Any CPU
		{2F4EEFFC-5DB4-45FC-AA37-2C02A7E2435D}.Debug|Any CPU.Build.0 = Debug|Any CPU
		{2F4EEFFC-5DB4-45FC-AA37-2C02A7E2435D}.Debug|iPhone.ActiveCfg = Debug|Any CPU
		{2F4EEFFC-5DB4-45FC-AA37-2C02A7E2435D}.Debug|iPhone.Build.0 = Debug|Any CPU
		{2F4EEFFC-5DB4-45FC-AA37-2C02A7E2435D}.Debug|iPhoneSimulator.ActiveCfg = Debug|Any CPU
		{2F4EEFFC-5DB4-45FC-AA37-2C02A7E2435D}.Debug|iPhoneSimulator.Build.0 = Debug|Any CPU
		{2F4EEFFC-5DB4-45FC-AA37-2C02A7E2435D}.Release|Any CPU.ActiveCfg = Release|Any CPU
		{2F4EEFFC-5DB4-45FC-AA37-2C02A7E2435D}.Release|Any CPU.Build.0 = Release|Any CPU
		{2F4EEFFC-5DB4-45FC-AA37-2C02A7E2435D}.Release|iPhone.ActiveCfg = Release|Any CPU
		{2F4EEFFC-5DB4-45FC-AA37-2C02A7E2435D}.Release|iPhone.Build.0 = Release|Any CPU
		{2F4EEFFC-5DB4-45FC-AA37-2C02A7E2435D}.Release|iPhoneSimulator.ActiveCfg = Release|Any CPU
		{2F4EEFFC-5DB4-45FC-AA37-2C02A7E2435D}.Release|iPhoneSimulator.Build.0 = Release|Any CPU
		{1ECAF0BA-0DB9-4F69-9798-A915BF6B28E5}.Debug|Any CPU.ActiveCfg = Debug|Any CPU
		{1ECAF0BA-0DB9-4F69-9798-A915BF6B28E5}.Debug|Any CPU.Build.0 = Debug|Any CPU
		{1ECAF0BA-0DB9-4F69-9798-A915BF6B28E5}.Debug|iPhone.ActiveCfg = Debug|Any CPU
		{1ECAF0BA-0DB9-4F69-9798-A915BF6B28E5}.Debug|iPhone.Build.0 = Debug|Any CPU
		{1ECAF0BA-0DB9-4F69-9798-A915BF6B28E5}.Debug|iPhoneSimulator.ActiveCfg = Debug|Any CPU
		{1ECAF0BA-0DB9-4F69-9798-A915BF6B28E5}.Debug|iPhoneSimulator.Build.0 = Debug|Any CPU
		{1ECAF0BA-0DB9-4F69-9798-A915BF6B28E5}.Release|Any CPU.ActiveCfg = Release|Any CPU
		{1ECAF0BA-0DB9-4F69-9798-A915BF6B28E5}.Release|Any CPU.Build.0 = Release|Any CPU
		{1ECAF0BA-0DB9-4F69-9798-A915BF6B28E5}.Release|iPhone.ActiveCfg = Release|Any CPU
		{1ECAF0BA-0DB9-4F69-9798-A915BF6B28E5}.Release|iPhone.Build.0 = Release|Any CPU
		{1ECAF0BA-0DB9-4F69-9798-A915BF6B28E5}.Release|iPhoneSimulator.ActiveCfg = Release|Any CPU
		{1ECAF0BA-0DB9-4F69-9798-A915BF6B28E5}.Release|iPhoneSimulator.Build.0 = Release|Any CPU
		{F5A0BCBD-E95B-46AB-9B62-098189058875}.Debug|Any CPU.ActiveCfg = Debug|Any CPU
		{F5A0BCBD-E95B-46AB-9B62-098189058875}.Debug|Any CPU.Build.0 = Debug|Any CPU
		{F5A0BCBD-E95B-46AB-9B62-098189058875}.Debug|iPhone.ActiveCfg = Debug|Any CPU
		{F5A0BCBD-E95B-46AB-9B62-098189058875}.Debug|iPhone.Build.0 = Debug|Any CPU
		{F5A0BCBD-E95B-46AB-9B62-098189058875}.Debug|iPhoneSimulator.ActiveCfg = Debug|Any CPU
		{F5A0BCBD-E95B-46AB-9B62-098189058875}.Debug|iPhoneSimulator.Build.0 = Debug|Any CPU
		{F5A0BCBD-E95B-46AB-9B62-098189058875}.Release|Any CPU.ActiveCfg = Release|Any CPU
		{F5A0BCBD-E95B-46AB-9B62-098189058875}.Release|Any CPU.Build.0 = Release|Any CPU
		{F5A0BCBD-E95B-46AB-9B62-098189058875}.Release|iPhone.ActiveCfg = Release|Any CPU
		{F5A0BCBD-E95B-46AB-9B62-098189058875}.Release|iPhone.Build.0 = Release|Any CPU
		{F5A0BCBD-E95B-46AB-9B62-098189058875}.Release|iPhoneSimulator.ActiveCfg = Release|Any CPU
		{F5A0BCBD-E95B-46AB-9B62-098189058875}.Release|iPhoneSimulator.Build.0 = Release|Any CPU
		{55D701ED-8285-4216-B7A2-970738B6782C}.Debug|Any CPU.ActiveCfg = Debug|Any CPU
		{55D701ED-8285-4216-B7A2-970738B6782C}.Debug|Any CPU.Build.0 = Debug|Any CPU
		{55D701ED-8285-4216-B7A2-970738B6782C}.Debug|iPhone.ActiveCfg = Debug|Any CPU
		{55D701ED-8285-4216-B7A2-970738B6782C}.Debug|iPhone.Build.0 = Debug|Any CPU
		{55D701ED-8285-4216-B7A2-970738B6782C}.Debug|iPhoneSimulator.ActiveCfg = Debug|Any CPU
		{55D701ED-8285-4216-B7A2-970738B6782C}.Debug|iPhoneSimulator.Build.0 = Debug|Any CPU
		{55D701ED-8285-4216-B7A2-970738B6782C}.Release|Any CPU.ActiveCfg = Release|Any CPU
		{55D701ED-8285-4216-B7A2-970738B6782C}.Release|Any CPU.Build.0 = Release|Any CPU
		{55D701ED-8285-4216-B7A2-970738B6782C}.Release|iPhone.ActiveCfg = Release|Any CPU
		{55D701ED-8285-4216-B7A2-970738B6782C}.Release|iPhone.Build.0 = Release|Any CPU
		{55D701ED-8285-4216-B7A2-970738B6782C}.Release|iPhoneSimulator.ActiveCfg = Release|Any CPU
		{55D701ED-8285-4216-B7A2-970738B6782C}.Release|iPhoneSimulator.Build.0 = Release|Any CPU
		{4DBB851D-6E99-4A6A-BB67-76E0E0F53B8B}.Debug|Any CPU.ActiveCfg = Debug|Any CPU
		{4DBB851D-6E99-4A6A-BB67-76E0E0F53B8B}.Debug|Any CPU.Build.0 = Debug|Any CPU
		{4DBB851D-6E99-4A6A-BB67-76E0E0F53B8B}.Debug|iPhone.ActiveCfg = Debug|Any CPU
		{4DBB851D-6E99-4A6A-BB67-76E0E0F53B8B}.Debug|iPhone.Build.0 = Debug|Any CPU
		{4DBB851D-6E99-4A6A-BB67-76E0E0F53B8B}.Debug|iPhoneSimulator.ActiveCfg = Debug|Any CPU
		{4DBB851D-6E99-4A6A-BB67-76E0E0F53B8B}.Debug|iPhoneSimulator.Build.0 = Debug|Any CPU
		{4DBB851D-6E99-4A6A-BB67-76E0E0F53B8B}.Release|Any CPU.ActiveCfg = Release|Any CPU
		{4DBB851D-6E99-4A6A-BB67-76E0E0F53B8B}.Release|Any CPU.Build.0 = Release|Any CPU
		{4DBB851D-6E99-4A6A-BB67-76E0E0F53B8B}.Release|iPhone.ActiveCfg = Release|Any CPU
		{4DBB851D-6E99-4A6A-BB67-76E0E0F53B8B}.Release|iPhone.Build.0 = Release|Any CPU
		{4DBB851D-6E99-4A6A-BB67-76E0E0F53B8B}.Release|iPhoneSimulator.ActiveCfg = Release|Any CPU
		{4DBB851D-6E99-4A6A-BB67-76E0E0F53B8B}.Release|iPhoneSimulator.Build.0 = Release|Any CPU
		{CCE02348-D960-488F-956E-669097D33BE1}.Debug|Any CPU.ActiveCfg = Debug|Any CPU
		{CCE02348-D960-488F-956E-669097D33BE1}.Debug|Any CPU.Build.0 = Debug|Any CPU
		{CCE02348-D960-488F-956E-669097D33BE1}.Debug|Any CPU.Deploy.0 = Debug|Any CPU
		{CCE02348-D960-488F-956E-669097D33BE1}.Debug|iPhone.ActiveCfg = Debug|Any CPU
		{CCE02348-D960-488F-956E-669097D33BE1}.Debug|iPhone.Build.0 = Debug|Any CPU
		{CCE02348-D960-488F-956E-669097D33BE1}.Debug|iPhone.Deploy.0 = Debug|Any CPU
		{CCE02348-D960-488F-956E-669097D33BE1}.Debug|iPhoneSimulator.ActiveCfg = Debug|Any CPU
		{CCE02348-D960-488F-956E-669097D33BE1}.Debug|iPhoneSimulator.Build.0 = Debug|Any CPU
		{CCE02348-D960-488F-956E-669097D33BE1}.Debug|iPhoneSimulator.Deploy.0 = Debug|Any CPU
		{CCE02348-D960-488F-956E-669097D33BE1}.Release|Any CPU.ActiveCfg = Release|Any CPU
		{CCE02348-D960-488F-956E-669097D33BE1}.Release|Any CPU.Build.0 = Release|Any CPU
		{CCE02348-D960-488F-956E-669097D33BE1}.Release|Any CPU.Deploy.0 = Release|Any CPU
		{CCE02348-D960-488F-956E-669097D33BE1}.Release|iPhone.ActiveCfg = Release|Any CPU
		{CCE02348-D960-488F-956E-669097D33BE1}.Release|iPhone.Build.0 = Release|Any CPU
		{CCE02348-D960-488F-956E-669097D33BE1}.Release|iPhone.Deploy.0 = Release|Any CPU
		{CCE02348-D960-488F-956E-669097D33BE1}.Release|iPhoneSimulator.ActiveCfg = Release|Any CPU
		{CCE02348-D960-488F-956E-669097D33BE1}.Release|iPhoneSimulator.Build.0 = Release|Any CPU
		{CCE02348-D960-488F-956E-669097D33BE1}.Release|iPhoneSimulator.Deploy.0 = Release|Any CPU
		{F1731988-889D-4FE3-BC6E-08C2B1C8E9BC}.Debug|Any CPU.ActiveCfg = Debug|iPhoneSimulator
		{F1731988-889D-4FE3-BC6E-08C2B1C8E9BC}.Debug|iPhone.ActiveCfg = Debug|iPhone
		{F1731988-889D-4FE3-BC6E-08C2B1C8E9BC}.Debug|iPhone.Build.0 = Debug|iPhone
		{F1731988-889D-4FE3-BC6E-08C2B1C8E9BC}.Debug|iPhoneSimulator.ActiveCfg = Debug|iPhoneSimulator
		{F1731988-889D-4FE3-BC6E-08C2B1C8E9BC}.Debug|iPhoneSimulator.Build.0 = Debug|iPhoneSimulator
		{F1731988-889D-4FE3-BC6E-08C2B1C8E9BC}.Release|Any CPU.ActiveCfg = Release|iPhoneSimulator
		{F1731988-889D-4FE3-BC6E-08C2B1C8E9BC}.Release|iPhone.ActiveCfg = Release|iPhone
		{F1731988-889D-4FE3-BC6E-08C2B1C8E9BC}.Release|iPhone.Build.0 = Release|iPhone
		{F1731988-889D-4FE3-BC6E-08C2B1C8E9BC}.Release|iPhoneSimulator.ActiveCfg = Release|iPhoneSimulator
		{F1731988-889D-4FE3-BC6E-08C2B1C8E9BC}.Release|iPhoneSimulator.Build.0 = Release|iPhoneSimulator
	EndGlobalSection
	GlobalSection(SolutionProperties) = preSolution
		HideSolutionNode = FALSE
	EndGlobalSection
	GlobalSection(NestedProjects) = preSolution
		{B5358ACC-912A-4F9A-BC83-36E2257A6FED} = {7F1198C4-CC7D-4DB3-876E-FF6193762CA3}
		{BFA516C5-D0B9-4C92-90DE-68A4C29F233D} = {7F1198C4-CC7D-4DB3-876E-FF6193762CA3}
		{2F4EEFFC-5DB4-45FC-AA37-2C02A7E2435D} = {7F1198C4-CC7D-4DB3-876E-FF6193762CA3}
		{1ECAF0BA-0DB9-4F69-9798-A915BF6B28E5} = {7F1198C4-CC7D-4DB3-876E-FF6193762CA3}
		{F5A0BCBD-E95B-46AB-9B62-098189058875} = {93AC4B5E-1EF3-42AB-BC69-3CB8DB150C4C}
		{55D701ED-8285-4216-B7A2-970738B6782C} = {7F1198C4-CC7D-4DB3-876E-FF6193762CA3}
		{4DBB851D-6E99-4A6A-BB67-76E0E0F53B8B} = {3BBA2892-0BAC-4F28-B11F-E2745DD15D67}
		{CCE02348-D960-488F-956E-669097D33BE1} = {3BBA2892-0BAC-4F28-B11F-E2745DD15D67}
		{7F1198C4-CC7D-4DB3-876E-FF6193762CA3} = {CA24D6E5-BB6E-4096-8356-B3B2C947A1EF}
		{3BBA2892-0BAC-4F28-B11F-E2745DD15D67} = {CA24D6E5-BB6E-4096-8356-B3B2C947A1EF}
		{93AC4B5E-1EF3-42AB-BC69-3CB8DB150C4C} = {CA24D6E5-BB6E-4096-8356-B3B2C947A1EF}
		{F1731988-889D-4FE3-BC6E-08C2B1C8E9BC} = {3BBA2892-0BAC-4F28-B11F-E2745DD15D67}
	EndGlobalSection
	GlobalSection(ExtensibilityGlobals) = postSolution
		SolutionGuid = {B1B75B46-C341-42FA-84EA-757AB057CB56}
	EndGlobalSection
EndGlobal
